{
  "version": 4,
  "terraform_version": "1.11.4",
  "serial": 6,
  "lineage": "5abfd169-c182-c6f0-2f03-d7e5728fbeda",
  "outputs": {
    "repository_url": {
      "value": "https://github.com/amacoirela/terraform-managed-repo",
      "type": "string"
    }
  },
  "resources": [
    {
      "mode": "managed",
      "type": "github_repository",
      "name": "example",
      "provider": "provider[\"registry.terraform.io/integrations/github\"]",
      "instances": [
        {
          "schema_version": 1,
          "attributes": {
            "allow_auto_merge": false,
            "allow_merge_commit": true,
            "allow_rebase_merge": true,
            "allow_squash_merge": true,
            "allow_update_branch": false,
            "archive_on_destroy": null,
            "archived": false,
            "auto_init": true,
            "default_branch": "main",
            "delete_branch_on_merge": false,
            "description": "Repository managed by Terraform",
            "etag": "W/\"cefcb67e8e0bb313893fc11286df96548aef227a18715117fbb8c25b26092b88\"",
            "full_name": "amacoirela/terraform-managed-repo",
            "git_clone_url": "git://github.com/amacoirela/terraform-managed-repo.git",
            "gitignore_template": null,
            "has_discussions": false,
            "has_downloads": false,
            "has_issues": false,
            "has_projects": false,
            "has_wiki": false,
            "homepage_url": "",
            "html_url": "https://github.com/amacoirela/terraform-managed-repo",
            "http_clone_url": "https://github.com/amacoirela/terraform-managed-repo.git",
            "id": "terraform-managed-repo",
            "ignore_vulnerability_alerts_during_read": null,
            "is_template": false,
            "license_template": null,
            "merge_commit_message": "PR_TITLE",
            "merge_commit_title": "MERGE_MESSAGE",
            "name": "terraform-managed-repo",
            "node_id": "R_kgDOOgkEOw",
            "pages": [],
            "primary_language": "",
            "private": false,
            "repo_id": 973669435,
            "security_and_analysis": [
              {
                "advanced_security": [],
                "secret_scanning": [
                  {
                    "status": "enabled"
                  }
                ],
                "secret_scanning_push_protection": [
                  {
                    "status": "enabled"
                  }
                ]
              }
            ],
            "squash_merge_commit_message": "COMMIT_MESSAGES",
            "squash_merge_commit_title": "COMMIT_OR_PR_TITLE",
            "ssh_clone_url": "git@github.com:amacoirela/terraform-managed-repo.git",
            "svn_url": "https://github.com/amacoirela/terraform-managed-repo",
            "template": [],
            "topics": [],
            "visibility": "public",
            "vulnerability_alerts": false,
            "web_commit_signoff_required": false
          },
          "sensitive_attributes": [],
          "private": "eyJzY2hlbWFfdmVyc2lvbiI6IjEifQ=="
        }
      ]
    }
  ],
  "check_results": null
}
